
Microsoft Visual Studio Solution File, Format Version 12.00
# Visual Studio Version 17
VisualStudioVersion = 17.3.32929.385
MinimumVisualStudioVersion = 10.0.40219.1
Project("{9A19103F-16F7-4668-BE54-9A1E7A4F7556}") = "TestForSmol", "TestForSmol\TestForSmol.csproj", "{5BE409FB-C526-4C65-A26C-38ADFE5774F2}"
EndProject
Project("{9A19103F-16F7-4668-BE54-9A1E7A4F7556}") = "TestForSmol.Test", "TestForlSmol.Test\TestForSmol.Test.csproj", "{2B9A80F1-4E39-49DC-B4E9-7456A1578522}"
EndProject
Project("{2150E333-8FDC-42A3-9474-1A3956D46DE8}") = "TestFiles", "TestFiles", "{AC216372-71C7-4B3B-9C88-6BA800A900F7}"
	ProjectSection(SolutionItems) = preProject
		Empty.xml = Empty.xml
		TestFiles\PurchaseOrder.xml = TestFiles\PurchaseOrder.xml
		TestFiles\Purchases.xml = TestFiles\Purchases.xml
	EndProjectSection
EndProject
Global
	GlobalSection(SolutionConfigurationPlatforms) = preSolution
		Debug|Any CPU = Debug|Any CPU
		Release|Any CPU = Release|Any CPU
	EndGlobalSection
	GlobalSection(ProjectConfigurationPlatforms) = postSolution
		{5BE409FB-C526-4C65-A26C-38ADFE5774F2}.Debug|Any CPU.ActiveCfg = Debug|Any CPU
		{5BE409FB-C526-4C65-A26C-38ADFE5774F2}.Debug|Any CPU.Build.0 = Debug|Any CPU
		{5BE409FB-C526-4C65-A26C-38ADFE5774F2}.Release|Any CPU.ActiveCfg = Release|Any CPU
		{5BE409FB-C526-4C65-A26C-38ADFE5774F2}.Release|Any CPU.Build.0 = Release|Any CPU
		{2B9A80F1-4E39-49DC-B4E9-7456A1578522}.Debug|Any CPU.ActiveCfg = Debug|Any CPU
		{2B9A80F1-4E39-49DC-B4E9-7456A1578522}.Debug|Any CPU.Build.0 = Debug|Any CPU
		{2B9A80F1-4E39-49DC-B4E9-7456A1578522}.Release|Any CPU.ActiveCfg = Release|Any CPU
		{2B9A80F1-4E39-49DC-B4E9-7456A1578522}.Release|Any CPU.Build.0 = Release|Any CPU
	EndGlobalSection
	GlobalSection(SolutionProperties) = preSolution
		HideSolutionNode = FALSE
	EndGlobalSection
	GlobalSection(ExtensibilityGlobals) = postSolution
		SolutionGuid = {FE86A604-95CE-4802-85E0-B04A92127C3A}
	EndGlobalSection
EndGlobal
